
Microsoft Visual Studio Solution File, Format Version 12.00
# Visual Studio 15
VisualStudioVersion = 15.0.27703.2035
MinimumVisualStudioVersion = 10.0.40219.1
Project("{FAE04EC0-301F-11D3-BF4B-00C04F79EFBC}") = "ATAarhitektonskiStudio", "ATAarhitektonskiStudio\ATAarhitektonskiStudio.csproj", "{1074D6F7-ACBD-481A-BB1E-7CDDD75B191E}"
EndProject
Global
	GlobalSection(SolutionConfigurationPlatforms) = preSolution
		Debug|Any CPU = Debug|Any CPU
		Release|Any CPU = Release|Any CPU
	EndGlobalSection
	GlobalSection(ProjectConfigurationPlatforms) = postSolution
		{1074D6F7-ACBD-481A-BB1E-7CDDD75B191E}.Debug|Any CPU.ActiveCfg = Debug|Any CPU
		{1074D6F7-ACBD-481A-BB1E-7CDDD75B191E}.Debug|Any CPU.Build.0 = Debug|Any CPU
		{1074D6F7-ACBD-481A-BB1E-7CDDD75B191E}.Release|Any CPU.ActiveCfg = Release|Any CPU
		{1074D6F7-ACBD-481A-BB1E-7CDDD75B191E}.Release|Any CPU.Build.0 = Release|Any CPU
	EndGlobalSection
	GlobalSection(SolutionProperties) = preSolution
		HideSolutionNode = FALSE
	EndGlobalSection
	GlobalSection(ExtensibilityGlobals) = postSolution
		SolutionGuid = {BA603A8D-0C17-4AEC-9225-5C9409E15727}
	EndGlobalSection
EndGlobal
